
Microsoft Visual Studio Solution File, Format Version 12.00
# Visual Studio 14
VisualStudioVersion = 14.0.25420.1
MinimumVisualStudioVersion = 10.0.40219.1
Project("{FAE04EC0-301F-11D3-BF4B-00C04F79EFBC}") = "HugeLauncher", "HugeLauncher\HugeLauncher.csproj", "{453A7F0C-2AC6-4525-B017-B0EBD06C00A2}"
EndProject
Project("{FAE04EC0-301F-11D3-BF4B-00C04F79EFBC}") = "HugeGenerator", "HugeGenerator\HugeGenerator.csproj", "{6AC23D6B-5BC5-44DE-ABF6-65D951177A8B}"
EndProject
Project("{FAE04EC0-301F-11D3-BF4B-00C04F79EFBC}") = "HugeAPI", "HugeAPI\HugeAPI.csproj", "{12533E7E-3AD4-4903-A702-4A6537D69A6B}"
EndProject
Global
	GlobalSection(SolutionConfigurationPlatforms) = preSolution
		Debug|Any CPU = Debug|Any CPU
		Release|Any CPU = Release|Any CPU
	EndGlobalSection
	GlobalSection(ProjectConfigurationPlatforms) = postSolution
		{453A7F0C-2AC6-4525-B017-B0EBD06C00A2}.Debug|Any CPU.ActiveCfg = Debug|Any CPU
		{453A7F0C-2AC6-4525-B017-B0EBD06C00A2}.Debug|Any CPU.Build.0 = Debug|Any CPU
		{453A7F0C-2AC6-4525-B017-B0EBD06C00A2}.Release|Any CPU.ActiveCfg = Release|Any CPU
		{453A7F0C-2AC6-4525-B017-B0EBD06C00A2}.Release|Any CPU.Build.0 = Release|Any CPU
		{6AC23D6B-5BC5-44DE-ABF6-65D951177A8B}.Debug|Any CPU.ActiveCfg = Debug|Any CPU
		{6AC23D6B-5BC5-44DE-ABF6-65D951177A8B}.Debug|Any CPU.Build.0 = Debug|Any CPU
		{6AC23D6B-5BC5-44DE-ABF6-65D951177A8B}.Release|Any CPU.ActiveCfg = Release|Any CPU
		{6AC23D6B-5BC5-44DE-ABF6-65D951177A8B}.Release|Any CPU.Build.0 = Release|Any CPU
		{12533E7E-3AD4-4903-A702-4A6537D69A6B}.Debug|Any CPU.ActiveCfg = Debug|Any CPU
		{12533E7E-3AD4-4903-A702-4A6537D69A6B}.Debug|Any CPU.Build.0 = Debug|Any CPU
		{12533E7E-3AD4-4903-A702-4A6537D69A6B}.Release|Any CPU.ActiveCfg = Release|Any CPU
		{12533E7E-3AD4-4903-A702-4A6537D69A6B}.Release|Any CPU.Build.0 = Release|Any CPU
	EndGlobalSection
	GlobalSection(SolutionProperties) = preSolution
		HideSolutionNode = FALSE
	EndGlobalSection
EndGlobal
